// !$*UTF8*$!
{
	archiveVersion = 1;
	classes = {
	};
	objectVersion = 48;
	objects = {

/* Begin PBXBuildFile section */
		845648E51FBE7322007E196D /* AppDelegate.m in Sources */ = {isa = PBXBuildFile; fileRef = 845648E41FBE7322007E196D /* AppDelegate.m */; };
		845648E81FBE7322007E196D /* ViewController.m in Sources */ = {isa = PBXBuildFile; fileRef = 845648E71FBE7322007E196D /* ViewController.m */; };
		845648EB1FBE7322007E196D /* Main.storyboard in Resources */ = {isa = PBXBuildFile; fileRef = 845648E91FBE7322007E196D /* Main.storyboard */; };
		845648ED1FBE7322007E196D /* Assets.xcassets in Resources */ = {isa = PBXBuildFile; fileRef = 845648EC1FBE7322007E196D /* Assets.xcassets */; };
		845648F01FBE7322007E196D /* LaunchScreen.storyboard in Resources */ = {isa = PBXBuildFile; fileRef = 845648EE1FBE7322007E196D /* LaunchScreen.storyboard */; };
		845648F31FBE7322007E196D /* main.m in Sources */ = {isa = PBXBuildFile; fileRef = 845648F21FBE7322007E196D /* main.m */; };
		84AF60DC1FBE755A00CD0165 /* FrameVC.m in Sources */ = {isa = PBXBuildFile; fileRef = 84AF60DB1FBE755A00CD0165 /* FrameVC.m */; };
/* End PBXBuildFile section */

/* Begin PBXFileReference section */
		845648E01FBE7322007E196D /* ViewAnimation.app */ = {isa = PBXFileReference; explicitFileType = wrapper.application; includeInIndex = 0; path = ViewAnimation.app; sourceTree = BUILT_PRODUCTS_DIR; };
		845648E31FBE7322007E196D /* AppDelegate.h */ = {isa = PBXFileReference; lastKnownFileType = sourcecode.c.h; path = AppDelegate.h; sourceTree = "<group>"; };
		845648E41FBE7322007E196D /* AppDelegate.m */ = {isa = PBXFileReference; lastKnownFileType = sourcecode.c.objc; path = AppDelegate.m; sourceTree = "<group>"; };
		845648E61FBE7322007E196D /* ViewController.h */ = {isa = PBXFileReference; lastKnownFileType = sourcecode.c.h; path = ViewController.h; sourceTree = "<group>"; };
		845648E71FBE7322007E196D /* ViewController.m */ = {isa = PBXFileReference; lastKnownFileType = sourcecode.c.objc; path = ViewController.m; sourceTree = "<group>"; };
		845648EA1FBE7322007E196D /* Base */ = {isa = PBXFileReference; lastKnownFileType = file.storyboard; name = Base; path = Base.lproj/Main.storyboard; sourceTree = "<group>"; };
		845648EC1FBE7322007E196D /* Assets.xcassets */ = {isa = PBXFileReference; lastKnownFileType = folder.assetcatalog; path = Assets.xcassets; sourceTree = "<group>"; };
		845648EF1FBE7322007E196D /* Base */ = {isa = PBXFileReference; lastKnownFileType = file.storyboard; name = Base; path = Base.lproj/LaunchScreen.storyboard; sourceTree = "<group>"; };
		845648F11FBE7322007E196D /* Info.plist */ = {isa = PBXFileReference; lastKnownFileType = text.plist.xml; path = Info.plist; sourceTree = "<group>"; };
		845648F21FBE7322007E196D /* main.m */ = {isa = PBXFileReference; lastKnownFileType = sourcecode.c.objc; path = main.m; sourceTree = "<group>"; };
		84AF60DA1FBE755A00CD0165 /* FrameVC.h */ = {isa = PBXFileReference; lastKnownFileType = sourcecode.c.h; path = FrameVC.h; sourceTree = "<group>"; };
		84AF60DB1FBE755A00CD0165 /* FrameVC.m */ = {isa = PBXFileReference; lastKnownFileType = sourcecode.c.objc; path = FrameVC.m; sourceTree = "<group>"; };
		84AF60DD1FBE78FD00CD0165 /* PrefixHeader.pch */ = {isa = PBXFileReference; lastKnownFileType = sourcecode.c.h; path = PrefixHeader.pch; sourceTree = "<group>"; };
/* End PBXFileReference section */

/* Begin PBXFrameworksBuildPhase section */
		845648DD1FBE7322007E196D /* Frameworks */ = {
			isa = PBXFrameworksBuildPhase;
			buildActionMask = 2147483647;
			files = (
			);
			runOnlyForDeploymentPostprocessing = 0;
		};
/* End PBXFrameworksBuildPhase section */

/* Begin PBXGroup section */
		845648D71FBE7322007E196D = {
			isa = PBXGroup;
			children = (
				845648E21FBE7322007E196D /* ViewAnimation */,
				845648E11FBE7322007E196D /* Products */,
			);
			sourceTree = "<group>";
		};
		845648E11FBE7322007E196D /* Products */ = {
			isa = PBXGroup;
			children = (
				845648E01FBE7322007E196D /* ViewAnimation.app */,
			);
			name = Products;
			sourceTree = "<group>";
		};
		845648E21FBE7322007E196D /* ViewAnimation */ = {
			isa = PBXGroup;
			children = (
				845648E31FBE7322007E196D /* AppDelegate.h */,
				845648E41FBE7322007E196D /* AppDelegate.m */,
				845648E61FBE7322007E196D /* ViewController.h */,
				845648E71FBE7322007E196D /* ViewController.m */,
				845648E91FBE7322007E196D /* Main.storyboard */,
				84AF60DD1FBE78FD00CD0165 /* PrefixHeader.pch */,
				84AF60D81FBE74FC00CD0165 /* VC */,
				845648EC1FBE7322007E196D /* Assets.xcassets */,
				845648EE1FBE7322007E196D /* LaunchScreen.storyboard */,
				845648F11FBE7322007E196D /* Info.plist */,
				845648F21FBE7322007E196D /* main.m */,
			);
			path = ViewAnimation;
			sourceTree = "<group>";
		};
		84AF60D81FBE74FC00CD0165 /* VC */ = {
			isa = PBXGroup;
			children = (
				84AF60DA1FBE755A00CD0165 /* FrameVC.h */,
				84AF60DB1FBE755A00CD0165 /* FrameVC.m */,
			);
			path = VC;
			sourceTree = "<group>";
		};
/* End PBXGroup section */

/* Begin PBXNativeTarget section */
		845648DF1FBE7322007E196D /* ViewAnimation */ = {
			isa = PBXNativeTarget;
			buildConfigurationList = 845648F61FBE7322007E196D /* Build configuration list for PBXNativeTarget "ViewAnimation" */;
			buildPhases = (
				845648DC1FBE7322007E196D /* Sources */,
				845648DD1FBE7322007E196D /* Frameworks */,
				845648DE1FBE7322007E196D /* Resources */,
			);
			buildRules = (
			);
			dependencies = (
			);
			name = ViewAnimation;
			productName = ViewAnimation;
			productReference = 845648E01FBE7322007E196D /* ViewAnimation.app */;
			productType = "com.apple.product-type.application";
		};
/* End PBXNativeTarget section */

/* Begin PBXProject section */
		845648D81FBE7322007E196D /* Project object */ = {
			isa = PBXProject;
			attributes = {
				LastUpgradeCheck = 0910;
				ORGANIZATIONNAME = admin;
				TargetAttributes = {
					845648DF1FBE7322007E196D = {
						CreatedOnToolsVersion = 9.1;
						ProvisioningStyle = Automatic;
					};
				};
			};
			buildConfigurationList = 845648DB1FBE7322007E196D /* Build configuration list for PBXProject "ViewAnimation" */;
			compatibilityVersion = "Xcode 8.0";
			developmentRegion = en;
			hasScannedForEncodings = 0;
			knownRegions = (
				en,
				Base,
			);
			mainGroup = 845648D71FBE7322007E196D;
			productRefGroup = 845648E11FBE7322007E196D /* Products */;
			projectDirPath = "";
			projectRoot = "";
			targets = (
				845648DF1FBE7322007E196D /* ViewAnimation */,
			);
		};
/* End PBXProject section */

/* Begin PBXResourcesBuildPhase section */
		845648DE1FBE7322007E196D /* Resources */ = {
			isa = PBXResourcesBuildPhase;
			buildActionMask = 2147483647;
			files = (
				845648F01FBE7322007E196D /* LaunchScreen.storyboard in Resources */,
				845648ED1FBE7322007E196D /* Assets.xcassets in Resources */,
				845648EB1FBE7322007E196D /* Main.storyboard in Resources */,
			);
			runOnlyForDeploymentPostprocessing = 0;
		};
/* End PBXResourcesBuildPhase section */

/* Begin PBXSourcesBuildPhase section */
		845648DC1FBE7322007E196D /* Sources */ = {
			isa = PBXSourcesBuildPhase;
			buildActionMask = 2147483647;
			files = (
				84AF60DC1FBE755A00CD0165 /* FrameVC.m in Sources */,
				845648E81FBE7322007E196D /* ViewController.m in Sources */,
				845648F31FBE7322007E196D /* main.m in Sources */,
				845648E51FBE7322007E196D /* AppDelegate.m in Sources */,
			);
			runOnlyForDeploymentPostprocessing = 0;
		};
/* End PBXSourcesBuildPhase section */

/* Begin PBXVariantGroup section */
		845648E91FBE7322007E196D /* Main.storyboard */ = {
			isa = PBXVariantGroup;
			children = (
				845648EA1FBE7322007E196D /* Base */,
			);
			name = Main.storyboard;
			sourceTree = "<group>";
		};
		845648EE1FBE7322007E196D /* LaunchScreen.storyboard */ = {
			isa = PBXVariantGroup;
			children = (
				845648EF1FBE7322007E196D /* Base */,
			);
			name = LaunchScreen.storyboard;
			sourceTree = "<group>";
		};
/* End PBXVariantGroup section */

/* Begin XCBuildConfiguration section */
		845648F41FBE7322007E196D /* Debug */ = {
			isa = XCBuildConfiguration;
			buildSettings = {
				ALWAYS_SEARCH_USER_PATHS = NO;
				CLANG_ANALYZER_NONNULL = YES;
				CLANG_ANALYZER_NUMBER_OBJECT_CONVERSION = YES_AGGRESSIVE;
				CLANG_CXX_LANGUAGE_STANDARD = "gnu++14";
				CLANG_CXX_LIBRARY = "libc++";
				CLANG_ENABLE_MODULES = YES;
				CLANG_ENABLE_OBJC_ARC = YES;
				CLANG_WARN_BLOCK_CAPTURE_AUTORELEASING = YES;
				CLANG_WARN_BOOL_CONVERSION = YES;
				CLANG_WARN_COMMA = YES;
				CLANG_WARN_CONSTANT_CONVERSION = YES;
				CLANG_WARN_DIRECT_OBJC_ISA_USAGE = YES_ERROR;
				CLANG_WARN_DOCUMENTATION_COMMENTS = YES;
				CLANG_WARN_EMPTY_BODY = YES;
				CLANG_WARN_ENUM_CONVERSION = YES;
				CLANG_WARN_INFINITE_RECURSION = YES;
				CLANG_WARN_INT_CONVERSION = YES;
				CLANG_WARN_NON_LITERAL_NULL_CONVERSION = YES;
				CLANG_WARN_OBJC_LITERAL_CONVERSION = YES;
				CLANG_WARN_OBJC_ROOT_CLASS = YES_ERROR;
				CLANG_WARN_RANGE_LOOP_ANALYSIS = YES;
				CLANG_WARN_STRICT_PROTOTYPES = YES;
				CLANG_WARN_SUSPICIOUS_MOVE = YES;
				CLANG_WARN_UNGUARDED_AVAILABILITY = YES_AGGRESSIVE;
				CLANG_WARN_UNREACHABLE_CODE = YES;
				CLANG_WARN__DUPLICATE_METHOD_MATCH = YES;
				CODE_SIGN_IDENTITY = "iPhone Developer";
				COPY_PHASE_STRIP = NO;
				DEBUG_INFORMATION_FORMAT = dwarf;
				ENABLE_STRICT_OBJC_MSGSEND = YES;
				ENABLE_TESTABILITY = YES;
				GCC_C_LANGUAGE_STANDARD = gnu11;
				GCC_DYNAMIC_NO_PIC = NO;
				GCC_NO_COMMON_BLOCKS = YES;
				GCC_OPTIMIZATION_LEVEL = 0;
				GCC_PREPROCESSOR_DEFINITIONS = (
					"DEBUG=1",
					"$(inherited)",
				);
				GCC_WARN_64_TO_32_BIT_CONVERSION = YES;
				GCC_WARN_ABOUT_RETURN_TYPE = YES_ERROR;
				GCC_WARN_UNDECLARED_SELECTOR = YES;
				GCC_WARN_UNINITIALIZED_AUTOS = YES_AGGRESSIVE;
				GCC_WARN_UNUSED_FUNCTION = YES;
				GCC_WARN_UNUSED_VARIABLE = YES;
				IPHONEOS_DEPLOYMENT_TARGET = 11.1;
				MTL_ENABLE_DEBUG_INFO = YES;
				ONLY_ACTIVE_ARCH = YES;
				SDKROOT = iphoneos;
			};
			name = Debug;
		};
		845648F51FBE7322007E196D /* Release */ = {
			isa = XCBuildConfiguration;
			buildSettings = {
				ALWAYS_SEARCH_USER_PATHS = NO;
				CLANG_ANALYZER_NONNULL = YES;
				CLANG_ANALYZER_NUMBER_OBJECT_CONVERSION = YES_AGGRESSIVE;
				CLANG_CXX_LANGUAGE_STANDARD = "gnu++14";
				CLANG_CXX_LIBRARY = "libc++";
				CLANG_ENABLE_MODULES = YES;
				CLANG_ENABLE_OBJC_ARC = YES;
				CLANG_WARN_BLOCK_CAPTURE_AUTORELEASING = YES;
				CLANG_WARN_BOOL_CONVERSION = YES;
				CLANG_WARN_COMMA = YES;
				CLANG_WARN_CONSTANT_CONVERSION = YES;
				CLANG_WARN_DIRECT_OBJC_ISA_USAGE = YES_ERROR;
				CLANG_WARN_DOCUMENTATION_COMMENTS = YES;
				CLANG_WARN_EMPTY_BODY = YES;
				CLANG_WARN_ENUM_CONVERSION = YES;
				CLANG_WARN_INFINITE_RECURSION = YES;
				CLANG_WARN_INT_CONVERSION = YES;
				CLANG_WARN_NON_LITERAL_NULL_CONVERSION = YES;
				CLANG_WARN_OBJC_LITERAL_CONVERSION = YES;
				CLANG_WARN_OBJC_ROOT_CLASS = YES_ERROR;
				CLANG_WARN_RANGE_LOOP_ANALYSIS = YES;
				CLANG_WARN_STRICT_PROTOTYPES = YES;
				CLANG_WARN_SUSPICIOUS_MOVE = YES;
				CLANG_WARN_UNGUARDED_AVAILABILITY = YES_AGGRESSIVE;
				CLANG_WARN_UNREACHABLE_CODE = YES;
				CLANG_WARN__DUPLICATE_METHOD_MATCH = YES;
				CODE_SIGN_IDENTITY = "iPhone Developer";
				COPY_PHASE_STRIP = NO;
				DEBUG_INFORMATION_FORMAT = "dwarf-with-dsym";
				ENABLE_NS_ASSERTIONS = NO;
				ENABLE_STRICT_OBJC_MSGSEND = YES;
				GCC_C_LANGUAGE_STANDARD = gnu11;
				GCC_NO_COMMON_BLOCKS = YES;
				GCC_WARN_64_TO_32_BIT_CONVERSION = YES;
				GCC_WARN_ABOUT_RETURN_TYPE = YES_ERROR;
				GCC_WARN_UNDECLARED_SELECTOR = YES;
				GCC_WARN_UNINITIALIZED_AUTOS = YES_AGGRESSIVE;
				GCC_WARN_UNUSED_FUNCTION = YES;
				GCC_WARN_UNUSED_VARIABLE = YES;
				IPHONEOS_DEPLOYMENT_TARGET = 11.1;
				MTL_ENABLE_DEBUG_INFO = NO;
				SDKROOT = iphoneos;
				VALIDATE_PRODUCT = YES;
			};
			name = Release;
		};
		845648F71FBE7322007E196D /* Debug */ = {
			isa = XCBuildConfiguration;
			buildSettings = {
				ASSETCATALOG_COMPILER_APPICON_NAME = AppIcon;
				CODE_SIGN_STYLE = Automatic;
				DEVELOPMENT_TEAM = L846R6TS7L;
				GCC_PREFIX_HEADER = ViewAnimation/PrefixHeader.pch;
				INFOPLIST_FILE = ViewAnimation/Info.plist;
				LD_RUNPATH_SEARCH_PATHS = "$(inherited) @executable_path/Frameworks";
				PRODUCT_BUNDLE_IDENTIFIER = com.feheadline.ViewAnimation;
				PRODUCT_NAME = "$(TARGET_NAME)";
				TARGETED_DEVICE_FAMILY = "1,2";
			};
			name = Debug;
		};
		845648F81FBE7322007E196D /* Release */ = {
			isa = XCBuildConfiguration;
			buildSettings = {
				ASSETCATALOG_COMPILER_APPICON_NAME = AppIcon;
				CODE_SIGN_STYLE = Automatic;
				DEVELOPMENT_TEAM = L846R6TS7L;
				GCC_PREFIX_HEADER = ViewAnimation/PrefixHeader.pch;
				INFOPLIST_FILE = ViewAnimation/Info.plist;
				LD_RUNPATH_SEARCH_PATHS = "$(inherited) @executable_path/Frameworks";
				PRODUCT_BUNDLE_IDENTIFIER = com.feheadline.ViewAnimation;
				PRODUCT_NAME = "$(TARGET_NAME)";
				TARGETED_DEVICE_FAMILY = "1,2";
			};
			name = Release;
		};
/* End XCBuildConfiguration section */

/* Begin XCConfigurationList section */
		845648DB1FBE7322007E196D /* Build configuration list for PBXProject "ViewAnimation" */ = {
			isa = XCConfigurationList;
			buildConfigurations = (
				845648F41FBE7322007E196D /* Debug */,
				845648F51FBE7322007E196D /* Release */,
			);
			defaultConfigurationIsVisible = 0;
			defaultConfigurationName = Release;
		};
		845648F61FBE7322007E196D /* Build configuration list for PBXNativeTarget "ViewAnimation" */ = {
			isa = XCConfigurationList;
			buildConfigurations = (
				845648F71FBE7322007E196D /* Debug */,
				845648F81FBE7322007E196D /* Release */,
			);
			defaultConfigurationIsVisible = 0;
			defaultConfigurationName = Release;
		};
/* End XCConfigurationList section */
	};
	rootObject = 845648D81FBE7322007E196D /* Project object */;
}
