// !$*UTF8*$!
{
	archiveVersion = 1;
	classes = {
	};
	objectVersion = 46;
	objects = {

/* Begin PBXBuildFile section */
		480D6E501CCF3A70004DD4FB /* TableViewCell.m in Sources */ = {isa = PBXBuildFile; fileRef = 480D6E4E1CCF3A70004DD4FB /* TableViewCell.m */; };
		C62C07EA1CCF2C10008F73C7 /* main.m in Sources */ = {isa = PBXBuildFile; fileRef = C62C07E91CCF2C10008F73C7 /* main.m */; };
		C62C07ED1CCF2C10008F73C7 /* AppDelegate.m in Sources */ = {isa = PBXBuildFile; fileRef = C62C07EC1CCF2C10008F73C7 /* AppDelegate.m */; };
		C62C07F01CCF2C10008F73C7 /* ViewController.m in Sources */ = {isa = PBXBuildFile; fileRef = C62C07EF1CCF2C10008F73C7 /* ViewController.m */; };
		C62C07F31CCF2C10008F73C7 /* Main.storyboard in Resources */ = {isa = PBXBuildFile; fileRef = C62C07F11CCF2C10008F73C7 /* Main.storyboard */; };
		C62C07F51CCF2C10008F73C7 /* Images.xcassets in Resources */ = {isa = PBXBuildFile; fileRef = C62C07F41CCF2C10008F73C7 /* Images.xcassets */; };
		C62C07F81CCF2C10008F73C7 /* LaunchScreen.xib in Resources */ = {isa = PBXBuildFile; fileRef = C62C07F61CCF2C10008F73C7 /* LaunchScreen.xib */; };
		C62C08041CCF2C10008F73C7 /* WebViewTests.m in Sources */ = {isa = PBXBuildFile; fileRef = C62C08031CCF2C10008F73C7 /* WebViewTests.m */; };
/* End PBXBuildFile section */

/* Begin PBXContainerItemProxy section */
		C62C07FE1CCF2C10008F73C7 /* PBXContainerItemProxy */ = {
			isa = PBXContainerItemProxy;
			containerPortal = C62C07DC1CCF2C10008F73C7 /* Project object */;
			proxyType = 1;
			remoteGlobalIDString = C62C07E31CCF2C10008F73C7;
			remoteInfo = WebView;
		};
/* End PBXContainerItemProxy section */

/* Begin PBXFileReference section */
		480D6E4D1CCF3A70004DD4FB /* TableViewCell.h */ = {isa = PBXFileReference; fileEncoding = 4; lastKnownFileType = sourcecode.c.h; path = TableViewCell.h; sourceTree = "<group>"; };
		480D6E4E1CCF3A70004DD4FB /* TableViewCell.m */ = {isa = PBXFileReference; fileEncoding = 4; lastKnownFileType = sourcecode.c.objc; path = TableViewCell.m; sourceTree = "<group>"; };
		C62C07E41CCF2C10008F73C7 /* WebView.app */ = {isa = PBXFileReference; explicitFileType = wrapper.application; includeInIndex = 0; path = WebView.app; sourceTree = BUILT_PRODUCTS_DIR; };
		C62C07E81CCF2C10008F73C7 /* Info.plist */ = {isa = PBXFileReference; lastKnownFileType = text.plist.xml; path = Info.plist; sourceTree = "<group>"; };
		C62C07E91CCF2C10008F73C7 /* main.m */ = {isa = PBXFileReference; lastKnownFileType = sourcecode.c.objc; path = main.m; sourceTree = "<group>"; };
		C62C07EB1CCF2C10008F73C7 /* AppDelegate.h */ = {isa = PBXFileReference; lastKnownFileType = sourcecode.c.h; path = AppDelegate.h; sourceTree = "<group>"; };
		C62C07EC1CCF2C10008F73C7 /* AppDelegate.m */ = {isa = PBXFileReference; lastKnownFileType = sourcecode.c.objc; path = AppDelegate.m; sourceTree = "<group>"; };
		C62C07EE1CCF2C10008F73C7 /* ViewController.h */ = {isa = PBXFileReference; lastKnownFileType = sourcecode.c.h; path = ViewController.h; sourceTree = "<group>"; };
		C62C07EF1CCF2C10008F73C7 /* ViewController.m */ = {isa = PBXFileReference; lastKnownFileType = sourcecode.c.objc; path = ViewController.m; sourceTree = "<group>"; };
		C62C07F21CCF2C10008F73C7 /* Base */ = {isa = PBXFileReference; lastKnownFileType = file.storyboard; name = Base; path = Base.lproj/Main.storyboard; sourceTree = "<group>"; };
		C62C07F41CCF2C10008F73C7 /* Images.xcassets */ = {isa = PBXFileReference; lastKnownFileType = folder.assetcatalog; path = Images.xcassets; sourceTree = "<group>"; };
		C62C07F71CCF2C10008F73C7 /* Base */ = {isa = PBXFileReference; lastKnownFileType = file.xib; name = Base; path = Base.lproj/LaunchScreen.xib; sourceTree = "<group>"; };
		C62C07FD1CCF2C10008F73C7 /* WebViewTests.xctest */ = {isa = PBXFileReference; explicitFileType = wrapper.cfbundle; includeInIndex = 0; path = WebViewTests.xctest; sourceTree = BUILT_PRODUCTS_DIR; };
		C62C08021CCF2C10008F73C7 /* Info.plist */ = {isa = PBXFileReference; lastKnownFileType = text.plist.xml; path = Info.plist; sourceTree = "<group>"; };
		C62C08031CCF2C10008F73C7 /* WebViewTests.m */ = {isa = PBXFileReference; lastKnownFileType = sourcecode.c.objc; path = WebViewTests.m; sourceTree = "<group>"; };
/* End PBXFileReference section */

/* Begin PBXFrameworksBuildPhase section */
		C62C07E11CCF2C10008F73C7 /* Frameworks */ = {
			isa = PBXFrameworksBuildPhase;
			buildActionMask = 2147483647;
			files = (
			);
			runOnlyForDeploymentPostprocessing = 0;
		};
		C62C07FA1CCF2C10008F73C7 /* Frameworks */ = {
			isa = PBXFrameworksBuildPhase;
			buildActionMask = 2147483647;
			files = (
			);
			runOnlyForDeploymentPostprocessing = 0;
		};
/* End PBXFrameworksBuildPhase section */

/* Begin PBXGroup section */
		C62C07DB1CCF2C10008F73C7 = {
			isa = PBXGroup;
			children = (
				C62C07E61CCF2C10008F73C7 /* WebView */,
				C62C08001CCF2C10008F73C7 /* WebViewTests */,
				C62C07E51CCF2C10008F73C7 /* Products */,
			);
			sourceTree = "<group>";
		};
		C62C07E51CCF2C10008F73C7 /* Products */ = {
			isa = PBXGroup;
			children = (
				C62C07E41CCF2C10008F73C7 /* WebView.app */,
				C62C07FD1CCF2C10008F73C7 /* WebViewTests.xctest */,
			);
			name = Products;
			sourceTree = "<group>";
		};
		C62C07E61CCF2C10008F73C7 /* WebView */ = {
			isa = PBXGroup;
			children = (
				C62C07EB1CCF2C10008F73C7 /* AppDelegate.h */,
				C62C07EC1CCF2C10008F73C7 /* AppDelegate.m */,
				C62C07EE1CCF2C10008F73C7 /* ViewController.h */,
				C62C07EF1CCF2C10008F73C7 /* ViewController.m */,
				C62C07F11CCF2C10008F73C7 /* Main.storyboard */,
				480D6E4D1CCF3A70004DD4FB /* TableViewCell.h */,
				480D6E4E1CCF3A70004DD4FB /* TableViewCell.m */,
				C62C07F41CCF2C10008F73C7 /* Images.xcassets */,
				C62C07F61CCF2C10008F73C7 /* LaunchScreen.xib */,
				C62C07E71CCF2C10008F73C7 /* Supporting Files */,
			);
			path = WebView;
			sourceTree = "<group>";
		};
		C62C07E71CCF2C10008F73C7 /* Supporting Files */ = {
			isa = PBXGroup;
			children = (
				C62C07E81CCF2C10008F73C7 /* Info.plist */,
				C62C07E91CCF2C10008F73C7 /* main.m */,
			);
			name = "Supporting Files";
			sourceTree = "<group>";
		};
		C62C08001CCF2C10008F73C7 /* WebViewTests */ = {
			isa = PBXGroup;
			children = (
				C62C08031CCF2C10008F73C7 /* WebViewTests.m */,
				C62C08011CCF2C10008F73C7 /* Supporting Files */,
			);
			path = WebViewTests;
			sourceTree = "<group>";
		};
		C62C08011CCF2C10008F73C7 /* Supporting Files */ = {
			isa = PBXGroup;
			children = (
				C62C08021CCF2C10008F73C7 /* Info.plist */,
			);
			name = "Supporting Files";
			sourceTree = "<group>";
		};
/* End PBXGroup section */

/* Begin PBXNativeTarget section */
		C62C07E31CCF2C10008F73C7 /* WebView */ = {
			isa = PBXNativeTarget;
			buildConfigurationList = C62C08071CCF2C10008F73C7 /* Build configuration list for PBXNativeTarget "WebView" */;
			buildPhases = (
				C62C07E01CCF2C10008F73C7 /* Sources */,
				C62C07E11CCF2C10008F73C7 /* Frameworks */,
				C62C07E21CCF2C10008F73C7 /* Resources */,
			);
			buildRules = (
			);
			dependencies = (
			);
			name = WebView;
			productName = WebView;
			productReference = C62C07E41CCF2C10008F73C7 /* WebView.app */;
			productType = "com.apple.product-type.application";
		};
		C62C07FC1CCF2C10008F73C7 /* WebViewTests */ = {
			isa = PBXNativeTarget;
			buildConfigurationList = C62C080A1CCF2C10008F73C7 /* Build configuration list for PBXNativeTarget "WebViewTests" */;
			buildPhases = (
				C62C07F91CCF2C10008F73C7 /* Sources */,
				C62C07FA1CCF2C10008F73C7 /* Frameworks */,
				C62C07FB1CCF2C10008F73C7 /* Resources */,
			);
			buildRules = (
			);
			dependencies = (
				C62C07FF1CCF2C10008F73C7 /* PBXTargetDependency */,
			);
			name = WebViewTests;
			productName = WebViewTests;
			productReference = C62C07FD1CCF2C10008F73C7 /* WebViewTests.xctest */;
			productType = "com.apple.product-type.bundle.unit-test";
		};
/* End PBXNativeTarget section */

/* Begin PBXProject section */
		C62C07DC1CCF2C10008F73C7 /* Project object */ = {
			isa = PBXProject;
			attributes = {
				LastUpgradeCheck = 0640;
				ORGANIZATIONNAME = JKLazyCat;
				TargetAttributes = {
					C62C07E31CCF2C10008F73C7 = {
						CreatedOnToolsVersion = 6.4;
					};
					C62C07FC1CCF2C10008F73C7 = {
						CreatedOnToolsVersion = 6.4;
						TestTargetID = C62C07E31CCF2C10008F73C7;
					};
				};
			};
			buildConfigurationList = C62C07DF1CCF2C10008F73C7 /* Build configuration list for PBXProject "WebView" */;
			compatibilityVersion = "Xcode 3.2";
			developmentRegion = English;
			hasScannedForEncodings = 0;
			knownRegions = (
				en,
				Base,
			);
			mainGroup = C62C07DB1CCF2C10008F73C7;
			productRefGroup = C62C07E51CCF2C10008F73C7 /* Products */;
			projectDirPath = "";
			projectRoot = "";
			targets = (
				C62C07E31CCF2C10008F73C7 /* WebView */,
				C62C07FC1CCF2C10008F73C7 /* WebViewTests */,
			);
		};
/* End PBXProject section */

/* Begin PBXResourcesBuildPhase section */
		C62C07E21CCF2C10008F73C7 /* Resources */ = {
			isa = PBXResourcesBuildPhase;
			buildActionMask = 2147483647;
			files = (
				C62C07F31CCF2C10008F73C7 /* Main.storyboard in Resources */,
				C62C07F81CCF2C10008F73C7 /* LaunchScreen.xib in Resources */,
				C62C07F51CCF2C10008F73C7 /* Images.xcassets in Resources */,
			);
			runOnlyForDeploymentPostprocessing = 0;
		};
		C62C07FB1CCF2C10008F73C7 /* Resources */ = {
			isa = PBXResourcesBuildPhase;
			buildActionMask = 2147483647;
			files = (
			);
			runOnlyForDeploymentPostprocessing = 0;
		};
/* End PBXResourcesBuildPhase section */

/* Begin PBXSourcesBuildPhase section */
		C62C07E01CCF2C10008F73C7 /* Sources */ = {
			isa = PBXSourcesBuildPhase;
			buildActionMask = 2147483647;
			files = (
				C62C07F01CCF2C10008F73C7 /* ViewController.m in Sources */,
				480D6E501CCF3A70004DD4FB /* TableViewCell.m in Sources */,
				C62C07ED1CCF2C10008F73C7 /* AppDelegate.m in Sources */,
				C62C07EA1CCF2C10008F73C7 /* main.m in Sources */,
			);
			runOnlyForDeploymentPostprocessing = 0;
		};
		C62C07F91CCF2C10008F73C7 /* Sources */ = {
			isa = PBXSourcesBuildPhase;
			buildActionMask = 2147483647;
			files = (
				C62C08041CCF2C10008F73C7 /* WebViewTests.m in Sources */,
			);
			runOnlyForDeploymentPostprocessing = 0;
		};
/* End PBXSourcesBuildPhase section */

/* Begin PBXTargetDependency section */
		C62C07FF1CCF2C10008F73C7 /* PBXTargetDependency */ = {
			isa = PBXTargetDependency;
			target = C62C07E31CCF2C10008F73C7 /* WebView */;
			targetProxy = C62C07FE1CCF2C10008F73C7 /* PBXContainerItemProxy */;
		};
/* End PBXTargetDependency section */

/* Begin PBXVariantGroup section */
		C62C07F11CCF2C10008F73C7 /* Main.storyboard */ = {
			isa = PBXVariantGroup;
			children = (
				C62C07F21CCF2C10008F73C7 /* Base */,
			);
			name = Main.storyboard;
			sourceTree = "<group>";
		};
		C62C07F61CCF2C10008F73C7 /* LaunchScreen.xib */ = {
			isa = PBXVariantGroup;
			children = (
				C62C07F71CCF2C10008F73C7 /* Base */,
			);
			name = LaunchScreen.xib;
			sourceTree = "<group>";
		};
/* End PBXVariantGroup section */

/* Begin XCBuildConfiguration section */
		C62C08051CCF2C10008F73C7 /* Debug */ = {
			isa = XCBuildConfiguration;
			buildSettings = {
				ALWAYS_SEARCH_USER_PATHS = NO;
				CLANG_CXX_LANGUAGE_STANDARD = "gnu++0x";
				CLANG_CXX_LIBRARY = "libc++";
				CLANG_ENABLE_MODULES = YES;
				CLANG_ENABLE_OBJC_ARC = YES;
				CLANG_WARN_BOOL_CONVERSION = YES;
				CLANG_WARN_CONSTANT_CONVERSION = YES;
				CLANG_WARN_DIRECT_OBJC_ISA_USAGE = YES_ERROR;
				CLANG_WARN_EMPTY_BODY = YES;
				CLANG_WARN_ENUM_CONVERSION = YES;
				CLANG_WARN_INT_CONVERSION = YES;
				CLANG_WARN_OBJC_ROOT_CLASS = YES_ERROR;
				CLANG_WARN_UNREACHABLE_CODE = YES;
				CLANG_WARN__DUPLICATE_METHOD_MATCH = YES;
				"CODE_SIGN_IDENTITY[sdk=iphoneos*]" = "iPhone Developer";
				COPY_PHASE_STRIP = NO;
				DEBUG_INFORMATION_FORMAT = "dwarf-with-dsym";
				ENABLE_STRICT_OBJC_MSGSEND = YES;
				GCC_C_LANGUAGE_STANDARD = gnu99;
				GCC_DYNAMIC_NO_PIC = NO;
				GCC_NO_COMMON_BLOCKS = YES;
				GCC_OPTIMIZATION_LEVEL = 0;
				GCC_PREPROCESSOR_DEFINITIONS = (
					"DEBUG=1",
					"$(inherited)",
				);
				GCC_SYMBOLS_PRIVATE_EXTERN = NO;
				GCC_WARN_64_TO_32_BIT_CONVERSION = YES;
				GCC_WARN_ABOUT_RETURN_TYPE = YES_ERROR;
				GCC_WARN_UNDECLARED_SELECTOR = YES;
				GCC_WARN_UNINITIALIZED_AUTOS = YES_AGGRESSIVE;
				GCC_WARN_UNUSED_FUNCTION = YES;
				GCC_WARN_UNUSED_VARIABLE = YES;
				IPHONEOS_DEPLOYMENT_TARGET = 8.4;
				MTL_ENABLE_DEBUG_INFO = YES;
				ONLY_ACTIVE_ARCH = YES;
				SDKROOT = iphoneos;
			};
			name = Debug;
		};
		C62C08061CCF2C10008F73C7 /* Release */ = {
			isa = XCBuildConfiguration;
			buildSettings = {
				ALWAYS_SEARCH_USER_PATHS = NO;
				CLANG_CXX_LANGUAGE_STANDARD = "gnu++0x";
				CLANG_CXX_LIBRARY = "libc++";
				CLANG_ENABLE_MODULES = YES;
				CLANG_ENABLE_OBJC_ARC = YES;
				CLANG_WARN_BOOL_CONVERSION = YES;
				CLANG_WARN_CONSTANT_CONVERSION = YES;
				CLANG_WARN_DIRECT_OBJC_ISA_USAGE = YES_ERROR;
				CLANG_WARN_EMPTY_BODY = YES;
				CLANG_WARN_ENUM_CONVERSION = YES;
				CLANG_WARN_INT_CONVERSION = YES;
				CLANG_WARN_OBJC_ROOT_CLASS = YES_ERROR;
				CLANG_WARN_UNREACHABLE_CODE = YES;
				CLANG_WARN__DUPLICATE_METHOD_MATCH = YES;
				"CODE_SIGN_IDENTITY[sdk=iphoneos*]" = "iPhone Developer";
				COPY_PHASE_STRIP = NO;
				DEBUG_INFORMATION_FORMAT = "dwarf-with-dsym";
				ENABLE_NS_ASSERTIONS = NO;
				ENABLE_STRICT_OBJC_MSGSEND = YES;
				GCC_C_LANGUAGE_STANDARD = gnu99;
				GCC_NO_COMMON_BLOCKS = YES;
				GCC_WARN_64_TO_32_BIT_CONVERSION = YES;
				GCC_WARN_ABOUT_RETURN_TYPE = YES_ERROR;
				GCC_WARN_UNDECLARED_SELECTOR = YES;
				GCC_WARN_UNINITIALIZED_AUTOS = YES_AGGRESSIVE;
				GCC_WARN_UNUSED_FUNCTION = YES;
				GCC_WARN_UNUSED_VARIABLE = YES;
				IPHONEOS_DEPLOYMENT_TARGET = 8.4;
				MTL_ENABLE_DEBUG_INFO = NO;
				SDKROOT = iphoneos;
				VALIDATE_PRODUCT = YES;
			};
			name = Release;
		};
		C62C08081CCF2C10008F73C7 /* Debug */ = {
			isa = XCBuildConfiguration;
			buildSettings = {
				ASSETCATALOG_COMPILER_APPICON_NAME = AppIcon;
				INFOPLIST_FILE = WebView/Info.plist;
				LD_RUNPATH_SEARCH_PATHS = "$(inherited) @executable_path/Frameworks";
				PRODUCT_NAME = "$(TARGET_NAME)";
			};
			name = Debug;
		};
		C62C08091CCF2C10008F73C7 /* Release */ = {
			isa = XCBuildConfiguration;
			buildSettings = {
				ASSETCATALOG_COMPILER_APPICON_NAME = AppIcon;
				INFOPLIST_FILE = WebView/Info.plist;
				LD_RUNPATH_SEARCH_PATHS = "$(inherited) @executable_path/Frameworks";
				PRODUCT_NAME = "$(TARGET_NAME)";
			};
			name = Release;
		};
		C62C080B1CCF2C10008F73C7 /* Debug */ = {
			isa = XCBuildConfiguration;
			buildSettings = {
				BUNDLE_LOADER = "$(TEST_HOST)";
				FRAMEWORK_SEARCH_PATHS = (
					"$(SDKROOT)/Developer/Library/Frameworks",
					"$(inherited)",
				);
				GCC_PREPROCESSOR_DEFINITIONS = (
					"DEBUG=1",
					"$(inherited)",
				);
				INFOPLIST_FILE = WebViewTests/Info.plist;
				LD_RUNPATH_SEARCH_PATHS = "$(inherited) @executable_path/Frameworks @loader_path/Frameworks";
				PRODUCT_NAME = "$(TARGET_NAME)";
				TEST_HOST = "$(BUILT_PRODUCTS_DIR)/WebView.app/WebView";
			};
			name = Debug;
		};
		C62C080C1CCF2C10008F73C7 /* Release */ = {
			isa = XCBuildConfiguration;
			buildSettings = {
				BUNDLE_LOADER = "$(TEST_HOST)";
				FRAMEWORK_SEARCH_PATHS = (
					"$(SDKROOT)/Developer/Library/Frameworks",
					"$(inherited)",
				);
				INFOPLIST_FILE = WebViewTests/Info.plist;
				LD_RUNPATH_SEARCH_PATHS = "$(inherited) @executable_path/Frameworks @loader_path/Frameworks";
				PRODUCT_NAME = "$(TARGET_NAME)";
				TEST_HOST = "$(BUILT_PRODUCTS_DIR)/WebView.app/WebView";
			};
			name = Release;
		};
/* End XCBuildConfiguration section */

/* Begin XCConfigurationList section */
		C62C07DF1CCF2C10008F73C7 /* Build configuration list for PBXProject "WebView" */ = {
			isa = XCConfigurationList;
			buildConfigurations = (
				C62C08051CCF2C10008F73C7 /* Debug */,
				C62C08061CCF2C10008F73C7 /* Release */,
			);
			defaultConfigurationIsVisible = 0;
			defaultConfigurationName = Release;
		};
		C62C08071CCF2C10008F73C7 /* Build configuration list for PBXNativeTarget "WebView" */ = {
			isa = XCConfigurationList;
			buildConfigurations = (
				C62C08081CCF2C10008F73C7 /* Debug */,
				C62C08091CCF2C10008F73C7 /* Release */,
			);
			defaultConfigurationIsVisible = 0;
			defaultConfigurationName = Release;
		};
		C62C080A1CCF2C10008F73C7 /* Build configuration list for PBXNativeTarget "WebViewTests" */ = {
			isa = XCConfigurationList;
			buildConfigurations = (
				C62C080B1CCF2C10008F73C7 /* Debug */,
				C62C080C1CCF2C10008F73C7 /* Release */,
			);
			defaultConfigurationIsVisible = 0;
			defaultConfigurationName = Release;
		};
/* End XCConfigurationList section */
	};
	rootObject = C62C07DC1CCF2C10008F73C7 /* Project object */;
}
